PODS:
  - Flutter (1.0.0)
  - live_activity_flutter (0.0.1):
    - Flutter

DEPENDENCIES:
  - Flutter (from `Flutter`)
  - live_activity_flutter (from `.symlinks/plugins/live_activity_flutter/ios`)

EXTERNAL SOURCES:
  Flutter:
    :path: Flutter
  live_activity_flutter:
    :path: ".symlinks/plugins/live_activity_flutter/ios"

SPEC CHECKSUMS:
  Flutter: f04841e97a9d0b0a8025694d0796dd46242b2854
  live_activity_flutter: ac47cb3d98d8ba3776eaf17c66418d9cb107f5fc

PODFILE CHECKSUM: 70d9d25280d0dd177a5f637cdb0f0b0b12c6a189

COCOAPODS: 1.12.1
